
Microsoft Visual Studio Solution File, Format Version 12.00
# Visual Studio Version 16
VisualStudioVersion = 16.0.31729.503
MinimumVisualStudioVersion = 10.0.40219.1
Project("{FAE04EC0-301F-11D3-BF4B-00C04F79EFBC}") = "Third Lab", "Third Lab\Third Lab.csproj", "{88CCDA97-3FFD-41CF-8EAC-22B6622E4E67}"
EndProject
Project("{FAE04EC0-301F-11D3-BF4B-00C04F79EFBC}") = "Tests", "Tests\Tests.csproj", "{CFF1B1AE-DEB2-4100-9B8C-28F5D8DFE0D9}"
EndProject
Global
	GlobalSection(SolutionConfigurationPlatforms) = preSolution
		Debug|Any CPU = Debug|Any CPU
		Release|Any CPU = Release|Any CPU
	EndGlobalSection
	GlobalSection(ProjectConfigurationPlatforms) = postSolution
		{88CCDA97-3FFD-41CF-8EAC-22B6622E4E67}.Debug|Any CPU.ActiveCfg = Debug|Any CPU
		{88CCDA97-3FFD-41CF-8EAC-22B6622E4E67}.Debug|Any CPU.Build.0 = Debug|Any CPU
		{88CCDA97-3FFD-41CF-8EAC-22B6622E4E67}.Release|Any CPU.ActiveCfg = Release|Any CPU
		{88CCDA97-3FFD-41CF-8EAC-22B6622E4E67}.Release|Any CPU.Build.0 = Release|Any CPU
		{CFF1B1AE-DEB2-4100-9B8C-28F5D8DFE0D9}.Debug|Any CPU.ActiveCfg = Debug|Any CPU
		{CFF1B1AE-DEB2-4100-9B8C-28F5D8DFE0D9}.Debug|Any CPU.Build.0 = Debug|Any CPU
		{CFF1B1AE-DEB2-4100-9B8C-28F5D8DFE0D9}.Release|Any CPU.ActiveCfg = Release|Any CPU
		{CFF1B1AE-DEB2-4100-9B8C-28F5D8DFE0D9}.Release|Any CPU.Build.0 = Release|Any CPU
	EndGlobalSection
	GlobalSection(SolutionProperties) = preSolution
		HideSolutionNode = FALSE
	EndGlobalSection
	GlobalSection(ExtensibilityGlobals) = postSolution
		SolutionGuid = {598A4638-4BED-41AD-8991-7C49C46666D8}
	EndGlobalSection
EndGlobal
